
Microsoft Visual Studio Solution File, Format Version 12.00
# Visual Studio Version 16
VisualStudioVersion = 16.0.31129.286
MinimumVisualStudioVersion = 10.0.40219.1
Project("{FAE04EC0-301F-11D3-BF4B-00C04F79EFBC}") = "JobsWebApp", "JobsWebApp\JobsWebApp.csproj", "{6EB53C07-9702-4171-89C6-0147458B40CF}"
EndProject
Project("{00D1A9C2-B5F0-4AF3-8072-F6C62B433612}") = "SQLDatabase", "SQLDatabase\SQLDatabase.sqlproj", "{B7FC0943-46B7-4EFB-BB70-34FDCC0FB80F}"
EndProject
Project("{FAE04EC0-301F-11D3-BF4B-00C04F79EFBC}") = "DataLayer", "DataLayer\DataLayer.csproj", "{7DCC540A-51FA-4B08-B435-755CEC3C65E6}"
EndProject
Global
	GlobalSection(SolutionConfigurationPlatforms) = preSolution
		Debug|Any CPU = Debug|Any CPU
		Release|Any CPU = Release|Any CPU
	EndGlobalSection
	GlobalSection(ProjectConfigurationPlatforms) = postSolution
		{6EB53C07-9702-4171-89C6-0147458B40CF}.Debug|Any CPU.ActiveCfg = Debug|Any CPU
		{6EB53C07-9702-4171-89C6-0147458B40CF}.Debug|Any CPU.Build.0 = Debug|Any CPU
		{6EB53C07-9702-4171-89C6-0147458B40CF}.Release|Any CPU.ActiveCfg = Release|Any CPU
		{6EB53C07-9702-4171-89C6-0147458B40CF}.Release|Any CPU.Build.0 = Release|Any CPU
		{B7FC0943-46B7-4EFB-BB70-34FDCC0FB80F}.Debug|Any CPU.ActiveCfg = Debug|Any CPU
		{B7FC0943-46B7-4EFB-BB70-34FDCC0FB80F}.Debug|Any CPU.Build.0 = Debug|Any CPU
		{B7FC0943-46B7-4EFB-BB70-34FDCC0FB80F}.Debug|Any CPU.Deploy.0 = Debug|Any CPU
		{B7FC0943-46B7-4EFB-BB70-34FDCC0FB80F}.Release|Any CPU.ActiveCfg = Release|Any CPU
		{B7FC0943-46B7-4EFB-BB70-34FDCC0FB80F}.Release|Any CPU.Build.0 = Release|Any CPU
		{B7FC0943-46B7-4EFB-BB70-34FDCC0FB80F}.Release|Any CPU.Deploy.0 = Release|Any CPU
		{7DCC540A-51FA-4B08-B435-755CEC3C65E6}.Debug|Any CPU.ActiveCfg = Debug|Any CPU
		{7DCC540A-51FA-4B08-B435-755CEC3C65E6}.Debug|Any CPU.Build.0 = Debug|Any CPU
		{7DCC540A-51FA-4B08-B435-755CEC3C65E6}.Release|Any CPU.ActiveCfg = Release|Any CPU
		{7DCC540A-51FA-4B08-B435-755CEC3C65E6}.Release|Any CPU.Build.0 = Release|Any CPU
	EndGlobalSection
	GlobalSection(SolutionProperties) = preSolution
		HideSolutionNode = FALSE
	EndGlobalSection
	GlobalSection(ExtensibilityGlobals) = postSolution
		SolutionGuid = {7D9AAF2A-AD45-4099-921E-6CC86919A2AF}
	EndGlobalSection
EndGlobal
